
Microsoft Visual Studio Solution File, Format Version 12.00
# Visual Studio Version 16
VisualStudioVersion = 16.0.31729.503
MinimumVisualStudioVersion = 10.0.40219.1
Project("{9A19103F-16F7-4668-BE54-9A1E7A4F7556}") = "WebGestionClientes", "WebGestionClientes\WebGestionClientes.csproj", "{5DA6E32A-4AEF-4922-9644-E13D34784AB0}"
EndProject
Project("{FAE04EC0-301F-11D3-BF4B-00C04F79EFBC}") = "WebGestionClientes.Tests", "WebGestionClientes.Tests\WebGestionClientes.Tests.csproj", "{72BDC52C-C544-4ED1-9C8E-EDDC63A12D60}"
EndProject
Global
	GlobalSection(SolutionConfigurationPlatforms) = preSolution
		Debug|Any CPU = Debug|Any CPU
		Release|Any CPU = Release|Any CPU
	EndGlobalSection
	GlobalSection(ProjectConfigurationPlatforms) = postSolution
		{5DA6E32A-4AEF-4922-9644-E13D34784AB0}.Debug|Any CPU.ActiveCfg = Debug|Any CPU
		{5DA6E32A-4AEF-4922-9644-E13D34784AB0}.Debug|Any CPU.Build.0 = Debug|Any CPU
		{5DA6E32A-4AEF-4922-9644-E13D34784AB0}.Release|Any CPU.ActiveCfg = Release|Any CPU
		{5DA6E32A-4AEF-4922-9644-E13D34784AB0}.Release|Any CPU.Build.0 = Release|Any CPU
		{72BDC52C-C544-4ED1-9C8E-EDDC63A12D60}.Debug|Any CPU.ActiveCfg = Debug|Any CPU
		{72BDC52C-C544-4ED1-9C8E-EDDC63A12D60}.Debug|Any CPU.Build.0 = Debug|Any CPU
		{72BDC52C-C544-4ED1-9C8E-EDDC63A12D60}.Release|Any CPU.ActiveCfg = Release|Any CPU
		{72BDC52C-C544-4ED1-9C8E-EDDC63A12D60}.Release|Any CPU.Build.0 = Release|Any CPU
	EndGlobalSection
	GlobalSection(SolutionProperties) = preSolution
		HideSolutionNode = FALSE
	EndGlobalSection
	GlobalSection(ExtensibilityGlobals) = postSolution
		SolutionGuid = {4ED1171F-07FE-4271-8422-4798615F0674}
	EndGlobalSection
EndGlobal
